#MicroXplorer Configuration settings - do not modify
ARM.CMSIS.5.6.0.CMSISJjCORE=true
ARM.CMSIS.5.6.0.CMSISJjCORE_Checked=true
ARM.CMSIS.5.6.0.DeviceJjStartup=COoStartup
ARM.CMSIS.5.6.0.DeviceJjStartup_Checked=false
ARM.CMSIS.5.6.0.IPParameters=CMSISJjCORE,DeviceJjStartup
ARM.CMSIS.5.6.0_SwParameter=CMSISJjCORE\:true;DeviceJjStartup\:COoStartup;
Dma.Request0=SPI1_TX
Dma.Request1=SPI1_RX
Dma.RequestsNb=2
Dma.SPI1_RX.1.Direction=DMA_PERIPH_TO_MEMORY
Dma.SPI1_RX.1.Instance=DMA1_Channel2
Dma.SPI1_RX.1.MemDataAlignment=DMA_MDATAALIGN_BYTE
Dma.SPI1_RX.1.MemInc=DMA_MINC_ENABLE
Dma.SPI1_RX.1.Mode=DMA_NORMAL
Dma.SPI1_RX.1.PeriphDataAlignment=DMA_PDATAALIGN_BYTE
Dma.SPI1_RX.1.PeriphInc=DMA_PINC_DISABLE
Dma.SPI1_RX.1.Priority=DMA_PRIORITY_LOW
Dma.SPI1_RX.1.RequestParameters=Instance,Direction,PeriphInc,MemInc,PeriphDataAlignment,MemDataAlignment,Mode,Priority
Dma.SPI1_TX.0.Direction=DMA_MEMORY_TO_PERIPH
Dma.SPI1_TX.0.Instance=DMA1_Channel3
Dma.SPI1_TX.0.MemDataAlignment=DMA_MDATAALIGN_BYTE
Dma.SPI1_TX.0.MemInc=DMA_MINC_ENABLE
Dma.SPI1_TX.0.Mode=DMA_NORMAL
Dma.SPI1_TX.0.PeriphDataAlignment=DMA_PDATAALIGN_BYTE
Dma.SPI1_TX.0.PeriphInc=DMA_PINC_DISABLE
Dma.SPI1_TX.0.Priority=DMA_PRIORITY_LOW
Dma.SPI1_TX.0.RequestParameters=Instance,Direction,PeriphInc,MemInc,PeriphDataAlignment,MemDataAlignment,Mode,Priority
File.Version=6
GPIO.groupedBy=Group By Peripherals
KeepUserPlacement=false
Mcu.Family=STM32L4
Mcu.IP0=DMA
Mcu.IP1=NVIC
Mcu.IP2=RCC
Mcu.IP3=SPI1
Mcu.IP4=SYS
Mcu.IP5=TIM6
Mcu.IP6=USART1
Mcu.IP7=USB
Mcu.IP8=USB_DEVICE
Mcu.IPNb=9
Mcu.Name=STM32L452C(C-E)Ux
Mcu.Package=UFQFPN48
Mcu.Pin0=PA0
Mcu.Pin1=PA4
Mcu.Pin10=PA14 (JTCK/SWCLK)
Mcu.Pin11=PB6
Mcu.Pin12=PB7
Mcu.Pin13=VP_SYS_VS_Systick
Mcu.Pin14=VP_TIM6_VS_ClockSourceINT
Mcu.Pin15=VP_USB_DEVICE_VS_USB_DEVICE_CDC_FS
Mcu.Pin16=VP_ARM.CMSIS_VS_CMSISJjCORE_5.3.0
Mcu.Pin2=PA5
Mcu.Pin3=PA6
Mcu.Pin4=PA7
Mcu.Pin5=PA9
Mcu.Pin6=PA10
Mcu.Pin7=PA11
Mcu.Pin8=PA12
Mcu.Pin9=PA13 (JTMS/SWDIO)
Mcu.PinsNb=17
Mcu.ThirdParty0=ARM.CMSIS.5.6.0
Mcu.ThirdPartyNb=1
Mcu.UserConstants=
Mcu.UserName=STM32L452CEUx
MxCube.Version=5.5.0
MxDb.Version=DB.5.0.50
NVIC.BusFault_IRQn=true\:0\:0\:false\:false\:true\:false\:false
NVIC.DMA1_Channel2_IRQn=true\:2\:0\:true\:false\:true\:false\:true
NVIC.DMA1_Channel3_IRQn=true\:2\:0\:true\:false\:true\:false\:true
NVIC.DebugMonitor_IRQn=true\:0\:0\:false\:false\:true\:false\:false
NVIC.EXTI0_IRQn=true\:0\:0\:false\:false\:true\:true\:true
NVIC.ForceEnableDMAVector=true
NVIC.HardFault_IRQn=true\:0\:0\:false\:false\:true\:false\:false
NVIC.MemoryManagement_IRQn=true\:0\:0\:false\:false\:true\:false\:false
NVIC.NonMaskableInt_IRQn=true\:0\:0\:false\:false\:true\:false\:false
NVIC.PendSV_IRQn=true\:0\:0\:false\:false\:true\:false\:false
NVIC.PriorityGroup=NVIC_PRIORITYGROUP_4
NVIC.SPI1_IRQn=true\:0\:0\:false\:false\:true\:true\:true
NVIC.SVCall_IRQn=true\:0\:0\:false\:false\:true\:false\:false
NVIC.SysTick_IRQn=true\:0\:0\:false\:false\:true\:false\:true
NVIC.TIM6_DAC_IRQn=true\:3\:0\:true\:false\:true\:true\:true
NVIC.USART1_IRQn=true\:0\:0\:false\:false\:true\:true\:true
NVIC.USB_IRQn=true\:0\:0\:false\:false\:true\:false\:true
NVIC.UsageFault_IRQn=true\:0\:0\:false\:false\:true\:false\:false
PA0.GPIOParameters=GPIO_Label
PA0.GPIO_Label=BLE_IRQ
PA0.Locked=true
PA0.Signal=GPXTI0
PA10.GPIOParameters=GPIO_Speed,PinState,GPIO_PuPd,GPIO_Label,GPIO_ModeDefaultOutputPP
PA10.GPIO_Label=BLE_Boot
PA10.GPIO_ModeDefaultOutputPP=GPIO_MODE_OUTPUT_PP
PA10.GPIO_PuPd=GPIO_NOPULL
PA10.GPIO_Speed=GPIO_SPEED_FREQ_LOW
PA10.Locked=true
PA10.PinState=GPIO_PIN_RESET
PA10.Signal=GPIO_Output
PA11.Mode=Device
PA11.Signal=USB_DM
PA12.Mode=Device
PA12.Signal=USB_DP
PA13\ (JTMS/SWDIO).Mode=Serial_Wire
PA13\ (JTMS/SWDIO).Signal=SYS_JTMS-SWDIO
PA14\ (JTCK/SWCLK).Mode=Serial_Wire
PA14\ (JTCK/SWCLK).Signal=SYS_JTCK-SWCLK
PA4.GPIOParameters=GPIO_Speed,PinState,GPIO_PuPd,GPIO_Label,GPIO_ModeDefaultOutputPP
PA4.GPIO_Label=SPI_EN
PA4.GPIO_ModeDefaultOutputPP=GPIO_MODE_OUTPUT_PP
PA4.GPIO_PuPd=GPIO_NOPULL
PA4.GPIO_Speed=GPIO_SPEED_FREQ_LOW
PA4.Locked=true
PA4.PinState=GPIO_PIN_RESET
PA4.Signal=GPIO_Output
PA5.Locked=true
PA5.Mode=Full_Duplex_Master
PA5.Signal=SPI1_SCK
PA6.Mode=Full_Duplex_Master
PA6.Signal=SPI1_MISO
PA7.Mode=Full_Duplex_Master
PA7.Signal=SPI1_MOSI
PA9.GPIOParameters=GPIO_Speed,PinState,GPIO_PuPd,GPIO_Label,GPIO_ModeDefaultOutputPP
PA9.GPIO_Label=BLE_nRST
PA9.GPIO_ModeDefaultOutputPP=GPIO_MODE_OUTPUT_PP
PA9.GPIO_PuPd=GPIO_NOPULL
PA9.GPIO_Speed=GPIO_SPEED_FREQ_LOW
PA9.Locked=true
PA9.PinState=GPIO_PIN_RESET
PA9.Signal=GPIO_Output
PB6.Locked=true
PB6.Mode=Asynchronous
PB6.Signal=USART1_TX
PB7.Locked=true
PB7.Mode=Asynchronous
PB7.Signal=USART1_RX
PCC.Checker=true
PCC.Line=STM32L4x2
PCC.MCU=STM32L452C(C-E)Ux
PCC.PartNumber=STM32L452CEUx
PCC.Seq0=0
PCC.Series=STM32L4
PCC.Temperature=25
PCC.Vdd=3.0
PinOutPanel.RotationAngle=0
ProjectManager.AskForMigrate=true
ProjectManager.BackupPrevious=false
ProjectManager.CompilerOptimize=6
ProjectManager.ComputerToolchain=false
ProjectManager.CoupleFile=true
ProjectManager.CustomerFirmwarePackage=
ProjectManager.DefaultFWLocation=true
ProjectManager.DeletePrevious=true
ProjectManager.DeviceId=STM32L452CEUx
ProjectManager.FirmwarePackage=STM32Cube FW_L4 V1.15.0
ProjectManager.FreePins=false
ProjectManager.HalAssertFull=false
ProjectManager.HeapSize=0x200
ProjectManager.KeepUserCode=true
ProjectManager.LastFirmware=true
ProjectManager.LibraryCopy=0
ProjectManager.MainLocation=Core/Src
ProjectManager.NoMain=false
ProjectManager.PreviousToolchain=
ProjectManager.ProjectBuild=false
ProjectManager.ProjectFileName=l452ceu.ioc
ProjectManager.ProjectName=l452ceu
ProjectManager.StackSize=0x400
ProjectManager.TargetToolchain=MDK-ARM V5.27
ProjectManager.ToolChainLocation=
ProjectManager.UnderRoot=false
ProjectManager.functionlistsort=1-MX_GPIO_Init-GPIO-false-HAL-true,2-MX_DMA_Init-DMA-false-HAL-true,3-SystemClock_Config-RCC-false-HAL-false,4-MX_SPI1_Init-SPI1-false-HAL-true,5-MX_USART1_UART_Init-USART1-false-HAL-true,6-MX_USB_DEVICE_Init-USB_DEVICE-false-HAL-false,7-MX_TIM6_Init-TIM6-false-HAL-true
RCC.ADCFreq_Value=48000000
RCC.AHBFreq_Value=80000000
RCC.APB1Freq_Value=80000000
RCC.APB1TimFreq_Value=80000000
RCC.APB2Freq_Value=80000000
RCC.APB2TimFreq_Value=80000000
RCC.CortexFreq_Value=80000000
RCC.DFSDMFreq_Value=80000000
RCC.FCLKCortexFreq_Value=80000000
RCC.FamilyName=M
RCC.HCLKFreq_Value=80000000
RCC.HSE_VALUE=48000000
RCC.HSI48_VALUE=48000000
RCC.HSI_VALUE=16000000
RCC.I2C1Freq_Value=80000000
RCC.I2C2Freq_Value=80000000
RCC.I2C3Freq_Value=80000000
RCC.I2C4Freq_Value=80000000
RCC.IPParameters=ADCFreq_Value,AHBFreq_Value,APB1Freq_Value,APB1TimFreq_Value,APB2Freq_Value,APB2TimFreq_Value,CortexFreq_Value,DFSDMFreq_Value,FCLKCortexFreq_Value,FamilyName,HCLKFreq_Value,HSE_VALUE,HSI48_VALUE,HSI_VALUE,I2C1Freq_Value,I2C2Freq_Value,I2C3Freq_Value,I2C4Freq_Value,LPTIM1Freq_Value,LPTIM2Freq_Value,LPUART1Freq_Value,LSCOPinFreq_Value,LSE_VALUE,LSI_VALUE,MCO1PinFreq_Value,MSI_VALUE,PLLN,PLLPoutputFreq_Value,PLLQoutputFreq_Value,PLLRCLKFreq_Value,PLLSAI1N,PLLSAI1PoutputFreq_Value,PLLSAI1QoutputFreq_Value,PLLSAI1RoutputFreq_Value,PWRFreq_Value,RNGFreq_Value,SAI1Freq_Value,SYSCLKFreq_VALUE,SYSCLKSource,UART4Freq_Value,USART1Freq_Value,USART2Freq_Value,USART3Freq_Value,USBFreq_Value,VCOInputFreq_Value,VCOOutputFreq_Value,VCOSAI1OutputFreq_Value
RCC.LPTIM1Freq_Value=80000000
RCC.LPTIM2Freq_Value=80000000
RCC.LPUART1Freq_Value=80000000
RCC.LSCOPinFreq_Value=32000
RCC.LSE_VALUE=32768
RCC.LSI_VALUE=32000
RCC.MCO1PinFreq_Value=80000000
RCC.MSI_VALUE=4000000
RCC.PLLN=40
RCC.PLLPoutputFreq_Value=22857142.85714286
RCC.PLLQoutputFreq_Value=80000000
RCC.PLLRCLKFreq_Value=80000000
RCC.PLLSAI1N=24
RCC.PLLSAI1PoutputFreq_Value=13714285.714285715
RCC.PLLSAI1QoutputFreq_Value=48000000
RCC.PLLSAI1RoutputFreq_Value=48000000
RCC.PWRFreq_Value=80000000
RCC.RNGFreq_Value=48000000
RCC.SAI1Freq_Value=13714285.714285715
RCC.SYSCLKFreq_VALUE=80000000
RCC.SYSCLKSource=RCC_SYSCLKSOURCE_PLLCLK
RCC.UART4Freq_Value=80000000
RCC.USART1Freq_Value=80000000
RCC.USART2Freq_Value=80000000
RCC.USART3Freq_Value=80000000
RCC.USBFreq_Value=48000000
RCC.VCOInputFreq_Value=4000000
RCC.VCOOutputFreq_Value=160000000
RCC.VCOSAI1OutputFreq_Value=96000000
SH.GPXTI0.0=GPIO_EXTI0
SH.GPXTI0.ConfNb=1
SPI1.BaudRatePrescaler=SPI_BAUDRATEPRESCALER_256
SPI1.CLKPhase=SPI_PHASE_2EDGE
SPI1.CLKPolarity=SPI_POLARITY_HIGH
SPI1.CalculateBaudRate=312.5 KBits/s
SPI1.DataSize=SPI_DATASIZE_8BIT
SPI1.Direction=SPI_DIRECTION_2LINES
SPI1.IPParameters=VirtualType,Mode,Direction,CalculateBaudRate,DataSize,CLKPhase,BaudRatePrescaler,CLKPolarity
SPI1.Mode=SPI_MODE_MASTER
SPI1.VirtualType=VM_MASTER
TIM6.IPParameters=Prescaler,Period
TIM6.Period=100
TIM6.Prescaler=80
USART1.IPParameters=VirtualMode-Asynchronous
USART1.VirtualMode-Asynchronous=VM_ASYNC
USB_DEVICE.CLASS_NAME_FS=CDC
USB_DEVICE.IPParameters=VirtualMode,VirtualModeFS,CLASS_NAME_FS,USBD_MAX_STR_DESC_SIZ
USB_DEVICE.USBD_MAX_STR_DESC_SIZ=1024
USB_DEVICE.VirtualMode=Cdc
USB_DEVICE.VirtualModeFS=Cdc_FS
VP_ARM.CMSIS_VS_CMSISJjCORE_5.3.0.Mode=CMSISJjCORE
VP_ARM.CMSIS_VS_CMSISJjCORE_5.3.0.Signal=ARM.CMSIS_VS_CMSISJjCORE_5.3.0
VP_SYS_VS_Systick.Mode=SysTick
VP_SYS_VS_Systick.Signal=SYS_VS_Systick
VP_TIM6_VS_ClockSourceINT.Mode=Enable_Timer
VP_TIM6_VS_ClockSourceINT.Signal=TIM6_VS_ClockSourceINT
VP_USB_DEVICE_VS_USB_DEVICE_CDC_FS.Mode=CDC_FS
VP_USB_DEVICE_VS_USB_DEVICE_CDC_FS.Signal=USB_DEVICE_VS_USB_DEVICE_CDC_FS
board=custom
